{
  "name": "es4x",
  "version": "1.0.0",
  "lockfileVersion": 2,
  "requires": true,
  "packages": {
    "": {
      "name": "es4x",
      "version": "1.0.0",
      "hasInstallScript": true,
      "license": "ISC",
      "dependencies": {
        "@vertx/core": "4.2.2"
      },
      "devDependencies": {
        "@es4x/create": "0.16.2",
        "@vertx/unit": "4.2.2"
      }
    },
    "node_modules/@es4x/create": {
      "version": "0.16.2",
      "resolved": "https://registry.npmjs.org/@es4x/create/-/create-0.16.2.tgz",
      "integrity": "sha512-B0zeSazufjxwN3FKSVzcicVV+4+7MvFQQaaXckRlkWH3CC22HZjTAw04in3PlCCuhfLnGiReeSIvIVZ8JGCG3A==",
      "dev": true,
      "bin": {
        "es4x": "bin/es4x-cli.js"
      }
    },
    "node_modules/@vertx/core": {
      "version": "4.2.2",
      "resolved": "https://registry.npmjs.org/@vertx/core/-/core-4.2.2.tgz",
      "integrity": "sha512-UjO4tPR599EnvZ1Yg1dSBF5RfzJrGbJ5SQAKf1QW6anMOm697oe87yB3YadxA4Xwr4pxnXgKJfTQq4olo7AUyA=="
    },
    "node_modules/@vertx/unit": {
      "version": "4.2.2",
      "resolved": "https://registry.npmjs.org/@vertx/unit/-/unit-4.2.2.tgz",
      "integrity": "sha512-qEtZ4lPo1RxHjmEHcBZ4wmpsq2DanvewLcgyO0YCFPzpvmscBOplyryPqr4Mmf+YOu1+6VNgDSNR5jUa4X7PuA==",
      "dev": true,
      "dependencies": {
        "@vertx/core": "4.2.2"
      }
    }
  },
  "dependencies": {
    "@es4x/create": {
      "version": "0.16.2",
      "resolved": "https://registry.npmjs.org/@es4x/create/-/create-0.16.2.tgz",
      "integrity": "sha512-B0zeSazufjxwN3FKSVzcicVV+4+7MvFQQaaXckRlkWH3CC22HZjTAw04in3PlCCuhfLnGiReeSIvIVZ8JGCG3A==",
      "dev": true
    },
    "@vertx/core": {
      "version": "4.2.2",
      "resolved": "https://registry.npmjs.org/@vertx/core/-/core-4.2.2.tgz",
      "integrity": "sha512-UjO4tPR599EnvZ1Yg1dSBF5RfzJrGbJ5SQAKf1QW6anMOm697oe87yB3YadxA4Xwr4pxnXgKJfTQq4olo7AUyA=="
    },
    "@vertx/unit": {
      "version": "4.2.2",
      "resolved": "https://registry.npmjs.org/@vertx/unit/-/unit-4.2.2.tgz",
      "integrity": "sha512-qEtZ4lPo1RxHjmEHcBZ4wmpsq2DanvewLcgyO0YCFPzpvmscBOplyryPqr4Mmf+YOu1+6VNgDSNR5jUa4X7PuA==",
      "dev": true,
      "requires": {
        "@vertx/core": "4.2.2"
      }
    }
  }
}
